
Microsoft Visual Studio Solution File, Format Version 12.00
# Visual Studio 15
VisualStudioVersion = 15.0.28010.2041
MinimumVisualStudioVersion = 10.0.40219.1
Project("{FAE04EC0-301F-11D3-BF4B-00C04F79EFBC}") = "DiamondFitnessGym", "DiamondFitnessGym\DiamondFitnessGym.csproj", "{9529597E-E0E4-49BB-9CD2-CAD6B1128204}"
EndProject
Global
	GlobalSection(SolutionConfigurationPlatforms) = preSolution
		Debug|Any CPU = Debug|Any CPU
		Release|Any CPU = Release|Any CPU
	EndGlobalSection
	GlobalSection(ProjectConfigurationPlatforms) = postSolution
		{9529597E-E0E4-49BB-9CD2-CAD6B1128204}.Debug|Any CPU.ActiveCfg = Debug|Any CPU
		{9529597E-E0E4-49BB-9CD2-CAD6B1128204}.Debug|Any CPU.Build.0 = Debug|Any CPU
		{9529597E-E0E4-49BB-9CD2-CAD6B1128204}.Release|Any CPU.ActiveCfg = Release|Any CPU
		{9529597E-E0E4-49BB-9CD2-CAD6B1128204}.Release|Any CPU.Build.0 = Release|Any CPU
	EndGlobalSection
	GlobalSection(SolutionProperties) = preSolution
		HideSolutionNode = FALSE
	EndGlobalSection
	GlobalSection(ExtensibilityGlobals) = postSolution
		SolutionGuid = {4241EADC-8377-4595-9D91-11346FB35985}
	EndGlobalSection
EndGlobal
